
Microsoft Visual Studio Solution File, Format Version 12.00
# Visual Studio Version 17
VisualStudioVersion = 17.3.32901.215
MinimumVisualStudioVersion = 10.0.40219.1
Project("{FAE04EC0-301F-11D3-BF4B-00C04F79EFBC}") = "for dongusu ornek6 - 826", "for dongusu ornek6 - 826\for dongusu ornek6 - 826.csproj", "{34E39E9C-EACF-456F-955A-EBFB6A848716}"
EndProject
Global
	GlobalSection(SolutionConfigurationPlatforms) = preSolution
		Debug|Any CPU = Debug|Any CPU
		Release|Any CPU = Release|Any CPU
	EndGlobalSection
	GlobalSection(ProjectConfigurationPlatforms) = postSolution
		{34E39E9C-EACF-456F-955A-EBFB6A848716}.Debug|Any CPU.ActiveCfg = Debug|Any CPU
		{34E39E9C-EACF-456F-955A-EBFB6A848716}.Debug|Any CPU.Build.0 = Debug|Any CPU
		{34E39E9C-EACF-456F-955A-EBFB6A848716}.Release|Any CPU.ActiveCfg = Release|Any CPU
		{34E39E9C-EACF-456F-955A-EBFB6A848716}.Release|Any CPU.Build.0 = Release|Any CPU
	EndGlobalSection
	GlobalSection(SolutionProperties) = preSolution
		HideSolutionNode = FALSE
	EndGlobalSection
	GlobalSection(ExtensibilityGlobals) = postSolution
		SolutionGuid = {C06F80B2-B0B6-4CF8-8E3A-FD6CC57C3799}
	EndGlobalSection
EndGlobal
